
Microsoft Visual Studio Solution File, Format Version 12.00
# Visual Studio Version 17
VisualStudioVersion = 17.12.35527.113 d17.12
MinimumVisualStudioVersion = 10.0.40219.1
Project("{FAE04EC0-301F-11D3-BF4B-00C04F79EFBC}") = "ReactASP.Server", "ReactASP.Server\ReactASP.Server.csproj", "{BCC5FBBB-2BA1-421D-ADA9-01EEDCAD3FF2}"
EndProject
Project("{54A90642-561A-4BB1-A94E-469ADEE60C69}") = "reactasp.client", "reactasp.client\reactasp.client.esproj", "{FC52AA38-F93D-4FA0-855F-F13A7FBD5EAE}"
EndProject
Global
	GlobalSection(SolutionConfigurationPlatforms) = preSolution
		Debug|Any CPU = Debug|Any CPU
		Release|Any CPU = Release|Any CPU
	EndGlobalSection
	GlobalSection(ProjectConfigurationPlatforms) = postSolution
		{BCC5FBBB-2BA1-421D-ADA9-01EEDCAD3FF2}.Debug|Any CPU.ActiveCfg = Debug|Any CPU
		{BCC5FBBB-2BA1-421D-ADA9-01EEDCAD3FF2}.Debug|Any CPU.Build.0 = Debug|Any CPU
		{BCC5FBBB-2BA1-421D-ADA9-01EEDCAD3FF2}.Release|Any CPU.ActiveCfg = Release|Any CPU
		{BCC5FBBB-2BA1-421D-ADA9-01EEDCAD3FF2}.Release|Any CPU.Build.0 = Release|Any CPU
		{FC52AA38-F93D-4FA0-855F-F13A7FBD5EAE}.Debug|Any CPU.ActiveCfg = Debug|Any CPU
		{FC52AA38-F93D-4FA0-855F-F13A7FBD5EAE}.Debug|Any CPU.Build.0 = Debug|Any CPU
		{FC52AA38-F93D-4FA0-855F-F13A7FBD5EAE}.Debug|Any CPU.Deploy.0 = Debug|Any CPU
		{FC52AA38-F93D-4FA0-855F-F13A7FBD5EAE}.Release|Any CPU.ActiveCfg = Release|Any CPU
		{FC52AA38-F93D-4FA0-855F-F13A7FBD5EAE}.Release|Any CPU.Build.0 = Release|Any CPU
		{FC52AA38-F93D-4FA0-855F-F13A7FBD5EAE}.Release|Any CPU.Deploy.0 = Release|Any CPU
	EndGlobalSection
	GlobalSection(SolutionProperties) = preSolution
		HideSolutionNode = FALSE
	EndGlobalSection
EndGlobal
