
Microsoft Visual Studio Solution File, Format Version 12.00
# Visual Studio Version 17
VisualStudioVersion = 17.12.35527.113
MinimumVisualStudioVersion = 10.0.40219.1
Project("{FAE04EC0-301F-11D3-BF4B-00C04F79EFBC}") = "BullseyeDesktopApp", "BullseyeDesktopApp\BullseyeDesktopApp.csproj", "{08EA58DB-928B-4DD8-B684-AC4664AB46A2}"
EndProject
Project("{FAE04EC0-301F-11D3-BF4B-00C04F79EFBC}") = "TestProject", "TestProject\TestProject.csproj", "{81E53419-FC97-4DC0-9D06-2B99D4599E5C}"
EndProject
Global
	GlobalSection(SolutionConfigurationPlatforms) = preSolution
		Debug|Any CPU = Debug|Any CPU
		Release|Any CPU = Release|Any CPU
	EndGlobalSection
	GlobalSection(ProjectConfigurationPlatforms) = postSolution
		{08EA58DB-928B-4DD8-B684-AC4664AB46A2}.Debug|Any CPU.ActiveCfg = Debug|Any CPU
		{08EA58DB-928B-4DD8-B684-AC4664AB46A2}.Debug|Any CPU.Build.0 = Debug|Any CPU
		{08EA58DB-928B-4DD8-B684-AC4664AB46A2}.Release|Any CPU.ActiveCfg = Release|Any CPU
		{08EA58DB-928B-4DD8-B684-AC4664AB46A2}.Release|Any CPU.Build.0 = Release|Any CPU
		{81E53419-FC97-4DC0-9D06-2B99D4599E5C}.Debug|Any CPU.ActiveCfg = Debug|Any CPU
		{81E53419-FC97-4DC0-9D06-2B99D4599E5C}.Debug|Any CPU.Build.0 = Debug|Any CPU
		{81E53419-FC97-4DC0-9D06-2B99D4599E5C}.Release|Any CPU.ActiveCfg = Release|Any CPU
		{81E53419-FC97-4DC0-9D06-2B99D4599E5C}.Release|Any CPU.Build.0 = Release|Any CPU
	EndGlobalSection
	GlobalSection(SolutionProperties) = preSolution
		HideSolutionNode = FALSE
	EndGlobalSection
EndGlobal
